<?xml version="1.0" encoding="UTF-8"?>
<!DOCTYPE plist PUBLIC "-//Apple//DTD PLIST 1.0//EN" "http://www.apple.com/DTDs/PropertyList-1.0.dtd">
<plist version="1.0">
<dict>
	<key>archiveVersion</key>
	<string>1</string>
	<key>classes</key>
	<dict/>
	<key>objectVersion</key>
	<string>46</string>
	<key>objects</key>
	<dict>
		<key>0A2560B7568A48679D26A40E</key>
		<dict>
			<key>fileRef</key>
			<string>6470E8EC74E241B8A0A64FC4</string>
			<key>isa</key>
			<string>PBXBuildFile</string>
		</dict>
		<key>6470E8EC74E241B8A0A64FC4</key>
		<dict>
			<key>explicitFileType</key>
			<string>archive.ar</string>
			<key>includeInIndex</key>
			<string>0</string>
			<key>isa</key>
			<string>PBXFileReference</string>
			<key>path</key>
			<string>libPods.a</string>
			<key>sourceTree</key>
			<string>BUILT_PRODUCTS_DIR</string>
		</dict>
		<key>6C0E12C38FD3440DB43FE6FE</key>
		<dict>
			<key>includeInIndex</key>
			<string>1</string>
			<key>isa</key>
			<string>PBXFileReference</string>
			<key>lastKnownFileType</key>
			<string>text.xcconfig</string>
			<key>name</key>
			<string>Pods.xcconfig</string>
			<key>path</key>
			<string>Pods/Pods.xcconfig</string>
			<key>sourceTree</key>
			<string>&lt;group&gt;</string>
		</dict>
		<key>96F9A8631980088600C44196</key>
		<dict>
			<key>children</key>
			<array>
				<string>96F9A8751980088600C44196</string>
				<string>96F9A89D1980088700C44196</string>
				<string>96F9A86E1980088600C44196</string>
				<string>96F9A86D1980088600C44196</string>
				<string>6C0E12C38FD3440DB43FE6FE</string>
			</array>
			<key>isa</key>
			<string>PBXGroup</string>
			<key>sourceTree</key>
			<string>&lt;group&gt;</string>
		</dict>
		<key>96F9A8641980088600C44196</key>
		<dict>
			<key>attributes</key>
			<dict>
				<key>CLASSPREFIX</key>
				<string>BE</string>
				<key>LastUpgradeCheck</key>
				<string>0510</string>
				<key>ORGANIZATIONNAME</key>
				<string>song thinking</string>
				<key>TargetAttributes</key>
				<dict>
					<key>96F9A8951980088700C44196</key>
					<dict>
						<key>TestTargetID</key>
						<string>96F9A86B1980088600C44196</string>
					</dict>
				</dict>
			</dict>
			<key>buildConfigurationList</key>
			<string>96F9A8671980088600C44196</string>
			<key>compatibilityVersion</key>
			<string>Xcode 3.2</string>
			<key>developmentRegion</key>
			<string>English</string>
			<key>hasScannedForEncodings</key>
			<string>0</string>
			<key>isa</key>
			<string>PBXProject</string>
			<key>knownRegions</key>
			<array>
				<string>en</string>
				<string>Base</string>
			</array>
			<key>mainGroup</key>
			<string>96F9A8631980088600C44196</string>
			<key>productRefGroup</key>
			<string>96F9A86D1980088600C44196</string>
			<key>projectDirPath</key>
			<string></string>
			<key>projectReferences</key>
			<array/>
			<key>projectRoot</key>
			<string></string>
			<key>targets</key>
			<array>
				<string>96F9A86B1980088600C44196</string>
				<string>96F9A8951980088700C44196</string>
			</array>
		</dict>
		<key>96F9A8671980088600C44196</key>
		<dict>
			<key>buildConfigurations</key>
			<array>
				<string>96F9A8A51980088700C44196</string>
				<string>96F9A8A61980088700C44196</string>
			</array>
			<key>defaultConfigurationIsVisible</key>
			<string>0</string>
			<key>defaultConfigurationName</key>
			<string>Release</string>
			<key>isa</key>
			<string>XCConfigurationList</string>
		</dict>
		<key>96F9A8681980088600C44196</key>
		<dict>
			<key>buildActionMask</key>
			<string>2147483647</string>
			<key>files</key>
			<array>
				<string>96F9A8831980088600C44196</string>
				<string>96F9A8891980088600C44196</string>
				<string>96F9A8861980088600C44196</string>
				<string>96F9A87C1980088600C44196</string>
				<string>96F9A8801980088600C44196</string>
			</array>
			<key>isa</key>
			<string>PBXSourcesBuildPhase</string>
			<key>runOnlyForDeploymentPostprocessing</key>
			<string>0</string>
		</dict>
		<key>96F9A8691980088600C44196</key>
		<dict>
			<key>buildActionMask</key>
			<string>2147483647</string>
			<key>files</key>
			<array>
				<string>96F9A8721980088600C44196</string>
				<string>96F9A8741980088600C44196</string>
				<string>96F9A8701980088600C44196</string>
				<string>0A2560B7568A48679D26A40E</string>
			</array>
			<key>isa</key>
			<string>PBXFrameworksBuildPhase</string>
			<key>runOnlyForDeploymentPostprocessing</key>
			<string>0</string>
		</dict>
		<key>96F9A86A1980088600C44196</key>
		<dict>
			<key>buildActionMask</key>
			<string>2147483647</string>
			<key>files</key>
			<array>
				<string>96F9A88F1980088700C44196</string>
				<string>96F9A8911980088700C44196</string>
				<string>96F9A88C1980088700C44196</string>
				<string>96F9A87A1980088600C44196</string>
			</array>
			<key>isa</key>
			<string>PBXResourcesBuildPhase</string>
			<key>runOnlyForDeploymentPostprocessing</key>
			<string>0</string>
		</dict>
		<key>96F9A86B1980088600C44196</key>
		<dict>
			<key>buildConfigurationList</key>
			<string>96F9A8A71980088700C44196</string>
			<key>buildPhases</key>
			<array>
				<string>A3977F3843E244FFA8A6098F</string>
				<string>96F9A8681980088600C44196</string>
				<string>96F9A8691980088600C44196</string>
				<string>96F9A86A1980088600C44196</string>
				<string>D67AF3819C474FA696ED1DA4</string>
			</array>
			<key>buildRules</key>
			<array/>
			<key>dependencies</key>
			<array/>
			<key>isa</key>
			<string>PBXNativeTarget</string>
			<key>name</key>
			<string>bible-everyday</string>
			<key>productName</key>
			<string>bible-everyday</string>
			<key>productReference</key>
			<string>96F9A86C1980088600C44196</string>
			<key>productType</key>
			<string>com.apple.product-type.application</string>
		</dict>
		<key>96F9A86C1980088600C44196</key>
		<dict>
			<key>explicitFileType</key>
			<string>wrapper.application</string>
			<key>includeInIndex</key>
			<string>0</string>
			<key>isa</key>
			<string>PBXFileReference</string>
			<key>path</key>
			<string>bible-everyday.app</string>
			<key>sourceTree</key>
			<string>BUILT_PRODUCTS_DIR</string>
		</dict>
		<key>96F9A86D1980088600C44196</key>
		<dict>
			<key>children</key>
			<array>
				<string>96F9A86C1980088600C44196</string>
				<string>96F9A8961980088700C44196</string>
			</array>
			<key>isa</key>
			<string>PBXGroup</string>
			<key>name</key>
			<string>Products</string>
			<key>sourceTree</key>
			<string>&lt;group&gt;</string>
		</dict>
		<key>96F9A86E1980088600C44196</key>
		<dict>
			<key>children</key>
			<array>
				<string>96F9A86F1980088600C44196</string>
				<string>96F9A8711980088600C44196</string>
				<string>96F9A8731980088600C44196</string>
				<string>96F9A8971980088700C44196</string>
				<string>6470E8EC74E241B8A0A64FC4</string>
			</array>
			<key>isa</key>
			<string>PBXGroup</string>
			<key>name</key>
			<string>Frameworks</string>
			<key>sourceTree</key>
			<string>&lt;group&gt;</string>
		</dict>
		<key>96F9A86F1980088600C44196</key>
		<dict>
			<key>isa</key>
			<string>PBXFileReference</string>
			<key>lastKnownFileType</key>
			<string>wrapper.framework</string>
			<key>name</key>
			<string>Foundation.framework</string>
			<key>path</key>
			<string>System/Library/Frameworks/Foundation.framework</string>
			<key>sourceTree</key>
			<string>SDKROOT</string>
		</dict>
		<key>96F9A8701980088600C44196</key>
		<dict>
			<key>fileRef</key>
			<string>96F9A86F1980088600C44196</string>
			<key>isa</key>
			<string>PBXBuildFile</string>
		</dict>
		<key>96F9A8711980088600C44196</key>
		<dict>
			<key>isa</key>
			<string>PBXFileReference</string>
			<key>lastKnownFileType</key>
			<string>wrapper.framework</string>
			<key>name</key>
			<string>CoreGraphics.framework</string>
			<key>path</key>
			<string>System/Library/Frameworks/CoreGraphics.framework</string>
			<key>sourceTree</key>
			<string>SDKROOT</string>
		</dict>
		<key>96F9A8721980088600C44196</key>
		<dict>
			<key>fileRef</key>
			<string>96F9A8711980088600C44196</string>
			<key>isa</key>
			<string>PBXBuildFile</string>
		</dict>
		<key>96F9A8731980088600C44196</key>
		<dict>
			<key>isa</key>
			<string>PBXFileReference</string>
			<key>lastKnownFileType</key>
			<string>wrapper.framework</string>
			<key>name</key>
			<string>UIKit.framework</string>
			<key>path</key>
			<string>System/Library/Frameworks/UIKit.framework</string>
			<key>sourceTree</key>
			<string>SDKROOT</string>
		</dict>
		<key>96F9A8741980088600C44196</key>
		<dict>
			<key>fileRef</key>
			<string>96F9A8731980088600C44196</string>
			<key>isa</key>
			<string>PBXBuildFile</string>
		</dict>
		<key>96F9A8751980088600C44196</key>
		<dict>
			<key>children</key>
			<array>
				<string>96F9A87E1980088600C44196</string>
				<string>96F9A87F1980088600C44196</string>
				<string>96F9A8811980088600C44196</string>
				<string>96F9A8821980088600C44196</string>
				<string>96F9A8841980088600C44196</string>
				<string>96F9A8851980088600C44196</string>
				<string>96F9A8871980088600C44196</string>
				<string>96F9A8881980088600C44196</string>
				<string>96F9A88A1980088700C44196</string>
				<string>96F9A88D1980088700C44196</string>
				<string>96F9A8901980088700C44196</string>
				<string>96F9A8761980088600C44196</string>
			</array>
			<key>isa</key>
			<string>PBXGroup</string>
			<key>path</key>
			<string>bible-everyday</string>
			<key>sourceTree</key>
			<string>&lt;group&gt;</string>
		</dict>
		<key>96F9A8761980088600C44196</key>
		<dict>
			<key>children</key>
			<array>
				<string>96F9A8771980088600C44196</string>
				<string>96F9A8781980088600C44196</string>
				<string>96F9A87B1980088600C44196</string>
				<string>96F9A87D1980088600C44196</string>
			</array>
			<key>isa</key>
			<string>PBXGroup</string>
			<key>name</key>
			<string>Supporting Files</string>
			<key>sourceTree</key>
			<string>&lt;group&gt;</string>
		</dict>
		<key>96F9A8771980088600C44196</key>
		<dict>
			<key>isa</key>
			<string>PBXFileReference</string>
			<key>lastKnownFileType</key>
			<string>text.plist.xml</string>
			<key>path</key>
			<string>bible-everyday-Info.plist</string>
			<key>sourceTree</key>
			<string>&lt;group&gt;</string>
		</dict>
		<key>96F9A8781980088600C44196</key>
		<dict>
			<key>children</key>
			<array>
				<string>96F9A8791980088600C44196</string>
			</array>
			<key>isa</key>
			<string>PBXVariantGroup</string>
			<key>name</key>
			<string>InfoPlist.strings</string>
			<key>sourceTree</key>
			<string>&lt;group&gt;</string>
		</dict>
		<key>96F9A8791980088600C44196</key>
		<dict>
			<key>isa</key>
			<string>PBXFileReference</string>
			<key>lastKnownFileType</key>
			<string>text.plist.strings</string>
			<key>name</key>
			<string>en</string>
			<key>path</key>
			<string>en.lproj/InfoPlist.strings</string>
			<key>sourceTree</key>
			<string>&lt;group&gt;</string>
		</dict>
		<key>96F9A87A1980088600C44196</key>
		<dict>
			<key>fileRef</key>
			<string>96F9A8781980088600C44196</string>
			<key>isa</key>
			<string>PBXBuildFile</string>
		</dict>
		<key>96F9A87B1980088600C44196</key>
		<dict>
			<key>isa</key>
			<string>PBXFileReference</string>
			<key>lastKnownFileType</key>
			<string>sourcecode.c.objc</string>
			<key>path</key>
			<string>main.m</string>
			<key>sourceTree</key>
			<string>&lt;group&gt;</string>
		</dict>
		<key>96F9A87C1980088600C44196</key>
		<dict>
			<key>fileRef</key>
			<string>96F9A87B1980088600C44196</string>
			<key>isa</key>
			<string>PBXBuildFile</string>
		</dict>
		<key>96F9A87D1980088600C44196</key>
		<dict>
			<key>isa</key>
			<string>PBXFileReference</string>
			<key>lastKnownFileType</key>
			<string>sourcecode.c.h</string>
			<key>path</key>
			<string>bible-everyday-Prefix.pch</string>
			<key>sourceTree</key>
			<string>&lt;group&gt;</string>
		</dict>
		<key>96F9A87E1980088600C44196</key>
		<dict>
			<key>isa</key>
			<string>PBXFileReference</string>
			<key>lastKnownFileType</key>
			<string>sourcecode.c.h</string>
			<key>path</key>
			<string>BEAppDelegate.h</string>
			<key>sourceTree</key>
			<string>&lt;group&gt;</string>
		</dict>
		<key>96F9A87F1980088600C44196</key>
		<dict>
			<key>isa</key>
			<string>PBXFileReference</string>
			<key>lastKnownFileType</key>
			<string>sourcecode.c.objc</string>
			<key>path</key>
			<string>BEAppDelegate.m</string>
			<key>sourceTree</key>
			<string>&lt;group&gt;</string>
		</dict>
		<key>96F9A8801980088600C44196</key>
		<dict>
			<key>fileRef</key>
			<string>96F9A87F1980088600C44196</string>
			<key>isa</key>
			<string>PBXBuildFile</string>
		</dict>
		<key>96F9A8811980088600C44196</key>
		<dict>
			<key>isa</key>
			<string>PBXFileReference</string>
			<key>lastKnownFileType</key>
			<string>sourcecode.c.h</string>
			<key>path</key>
			<string>BERootViewController.h</string>
			<key>sourceTree</key>
			<string>&lt;group&gt;</string>
		</dict>
		<key>96F9A8821980088600C44196</key>
		<dict>
			<key>isa</key>
			<string>PBXFileReference</string>
			<key>lastKnownFileType</key>
			<string>sourcecode.c.objc</string>
			<key>path</key>
			<string>BERootViewController.m</string>
			<key>sourceTree</key>
			<string>&lt;group&gt;</string>
		</dict>
		<key>96F9A8831980088600C44196</key>
		<dict>
			<key>fileRef</key>
			<string>96F9A8821980088600C44196</string>
			<key>isa</key>
			<string>PBXBuildFile</string>
		</dict>
		<key>96F9A8841980088600C44196</key>
		<dict>
			<key>isa</key>
			<string>PBXFileReference</string>
			<key>lastKnownFileType</key>
			<string>sourcecode.c.h</string>
			<key>path</key>
			<string>BEDataViewController.h</string>
			<key>sourceTree</key>
			<string>&lt;group&gt;</string>
		</dict>
		<key>96F9A8851980088600C44196</key>
		<dict>
			<key>isa</key>
			<string>PBXFileReference</string>
			<key>lastKnownFileType</key>
			<string>sourcecode.c.objc</string>
			<key>path</key>
			<string>BEDataViewController.m</string>
			<key>sourceTree</key>
			<string>&lt;group&gt;</string>
		</dict>
		<key>96F9A8861980088600C44196</key>
		<dict>
			<key>fileRef</key>
			<string>96F9A8851980088600C44196</string>
			<key>isa</key>
			<string>PBXBuildFile</string>
		</dict>
		<key>96F9A8871980088600C44196</key>
		<dict>
			<key>isa</key>
			<string>PBXFileReference</string>
			<key>lastKnownFileType</key>
			<string>sourcecode.c.h</string>
			<key>path</key>
			<string>BEModelController.h</string>
			<key>sourceTree</key>
			<string>&lt;group&gt;</string>
		</dict>
		<key>96F9A8881980088600C44196</key>
		<dict>
			<key>isa</key>
			<string>PBXFileReference</string>
			<key>lastKnownFileType</key>
			<string>sourcecode.c.objc</string>
			<key>path</key>
			<string>BEModelController.m</string>
			<key>sourceTree</key>
			<string>&lt;group&gt;</string>
		</dict>
		<key>96F9A8891980088600C44196</key>
		<dict>
			<key>fileRef</key>
			<string>96F9A8881980088600C44196</string>
			<key>isa</key>
			<string>PBXBuildFile</string>
		</dict>
		<key>96F9A88A1980088700C44196</key>
		<dict>
			<key>children</key>
			<array>
				<string>96F9A88B1980088700C44196</string>
			</array>
			<key>isa</key>
			<string>PBXVariantGroup</string>
			<key>name</key>
			<string>Main_iPhone.storyboard</string>
			<key>sourceTree</key>
			<string>&lt;group&gt;</string>
		</dict>
		<key>96F9A88B1980088700C44196</key>
		<dict>
			<key>isa</key>
			<string>PBXFileReference</string>
			<key>lastKnownFileType</key>
			<string>file.storyboard</string>
			<key>name</key>
			<string>Base</string>
			<key>path</key>
			<string>Base.lproj/Main_iPhone.storyboard</string>
			<key>sourceTree</key>
			<string>&lt;group&gt;</string>
		</dict>
		<key>96F9A88C1980088700C44196</key>
		<dict>
			<key>fileRef</key>
			<string>96F9A88A1980088700C44196</string>
			<key>isa</key>
			<string>PBXBuildFile</string>
		</dict>
		<key>96F9A88D1980088700C44196</key>
		<dict>
			<key>children</key>
			<array>
				<string>96F9A88E1980088700C44196</string>
			</array>
			<key>isa</key>
			<string>PBXVariantGroup</string>
			<key>name</key>
			<string>Main_iPad.storyboard</string>
			<key>sourceTree</key>
			<string>&lt;group&gt;</string>
		</dict>
		<key>96F9A88E1980088700C44196</key>
		<dict>
			<key>isa</key>
			<string>PBXFileReference</string>
			<key>lastKnownFileType</key>
			<string>file.storyboard</string>
			<key>name</key>
			<string>Base</string>
			<key>path</key>
			<string>Base.lproj/Main_iPad.storyboard</string>
			<key>sourceTree</key>
			<string>&lt;group&gt;</string>
		</dict>
		<key>96F9A88F1980088700C44196</key>
		<dict>
			<key>fileRef</key>
			<string>96F9A88D1980088700C44196</string>
			<key>isa</key>
			<string>PBXBuildFile</string>
		</dict>
		<key>96F9A8901980088700C44196</key>
		<dict>
			<key>isa</key>
			<string>PBXFileReference</string>
			<key>lastKnownFileType</key>
			<string>folder.assetcatalog</string>
			<key>path</key>
			<string>Images.xcassets</string>
			<key>sourceTree</key>
			<string>&lt;group&gt;</string>
		</dict>
		<key>96F9A8911980088700C44196</key>
		<dict>
			<key>fileRef</key>
			<string>96F9A8901980088700C44196</string>
			<key>isa</key>
			<string>PBXBuildFile</string>
		</dict>
		<key>96F9A8921980088700C44196</key>
		<dict>
			<key>buildActionMask</key>
			<string>2147483647</string>
			<key>files</key>
			<array>
				<string>96F9A8A41980088700C44196</string>
			</array>
			<key>isa</key>
			<string>PBXSourcesBuildPhase</string>
			<key>runOnlyForDeploymentPostprocessing</key>
			<string>0</string>
		</dict>
		<key>96F9A8931980088700C44196</key>
		<dict>
			<key>buildActionMask</key>
			<string>2147483647</string>
			<key>files</key>
			<array>
				<string>96F9A8981980088700C44196</string>
				<string>96F9A89A1980088700C44196</string>
				<string>96F9A8991980088700C44196</string>
			</array>
			<key>isa</key>
			<string>PBXFrameworksBuildPhase</string>
			<key>runOnlyForDeploymentPostprocessing</key>
			<string>0</string>
		</dict>
		<key>96F9A8941980088700C44196</key>
		<dict>
			<key>buildActionMask</key>
			<string>2147483647</string>
			<key>files</key>
			<array>
				<string>96F9A8A21980088700C44196</string>
			</array>
			<key>isa</key>
			<string>PBXResourcesBuildPhase</string>
			<key>runOnlyForDeploymentPostprocessing</key>
			<string>0</string>
		</dict>
		<key>96F9A8951980088700C44196</key>
		<dict>
			<key>buildConfigurationList</key>
			<string>96F9A8AA1980088700C44196</string>
			<key>buildPhases</key>
			<array>
				<string>96F9A8921980088700C44196</string>
				<string>96F9A8931980088700C44196</string>
				<string>96F9A8941980088700C44196</string>
			</array>
			<key>buildRules</key>
			<array/>
			<key>dependencies</key>
			<array>
				<string>96F9A89C1980088700C44196</string>
			</array>
			<key>isa</key>
			<string>PBXNativeTarget</string>
			<key>name</key>
			<string>bible-everydayTests</string>
			<key>productName</key>
			<string>bible-everydayTests</string>
			<key>productReference</key>
			<string>96F9A8961980088700C44196</string>
			<key>productType</key>
			<string>com.apple.product-type.bundle.unit-test</string>
		</dict>
		<key>96F9A8961980088700C44196</key>
		<dict>
			<key>explicitFileType</key>
			<string>wrapper.cfbundle</string>
			<key>includeInIndex</key>
			<string>0</string>
			<key>isa</key>
			<string>PBXFileReference</string>
			<key>path</key>
			<string>bible-everydayTests.xctest</string>
			<key>sourceTree</key>
			<string>BUILT_PRODUCTS_DIR</string>
		</dict>
		<key>96F9A8971980088700C44196</key>
		<dict>
			<key>isa</key>
			<string>PBXFileReference</string>
			<key>lastKnownFileType</key>
			<string>wrapper.framework</string>
			<key>name</key>
			<string>XCTest.framework</string>
			<key>path</key>
			<string>Library/Frameworks/XCTest.framework</string>
			<key>sourceTree</key>
			<string>DEVELOPER_DIR</string>
		</dict>
		<key>96F9A8981980088700C44196</key>
		<dict>
			<key>fileRef</key>
			<string>96F9A8971980088700C44196</string>
			<key>isa</key>
			<string>PBXBuildFile</string>
		</dict>
		<key>96F9A8991980088700C44196</key>
		<dict>
			<key>fileRef</key>
			<string>96F9A86F1980088600C44196</string>
			<key>isa</key>
			<string>PBXBuildFile</string>
		</dict>
		<key>96F9A89A1980088700C44196</key>
		<dict>
			<key>fileRef</key>
			<string>96F9A8731980088600C44196</string>
			<key>isa</key>
			<string>PBXBuildFile</string>
		</dict>
		<key>96F9A89B1980088700C44196</key>
		<dict>
			<key>containerPortal</key>
			<string>96F9A8641980088600C44196</string>
			<key>isa</key>
			<string>PBXContainerItemProxy</string>
			<key>proxyType</key>
			<string>1</string>
			<key>remoteGlobalIDString</key>
			<string>96F9A86B1980088600C44196</string>
			<key>remoteInfo</key>
			<string>bible-everyday</string>
		</dict>
		<key>96F9A89C1980088700C44196</key>
		<dict>
			<key>isa</key>
			<string>PBXTargetDependency</string>
			<key>target</key>
			<string>96F9A86B1980088600C44196</string>
			<key>targetProxy</key>
			<string>96F9A89B1980088700C44196</string>
		</dict>
		<key>96F9A89D1980088700C44196</key>
		<dict>
			<key>children</key>
			<array>
				<string>96F9A8A31980088700C44196</string>
				<string>96F9A89E1980088700C44196</string>
			</array>
			<key>isa</key>
			<string>PBXGroup</string>
			<key>path</key>
			<string>bible-everydayTests</string>
			<key>sourceTree</key>
			<string>&lt;group&gt;</string>
		</dict>
		<key>96F9A89E1980088700C44196</key>
		<dict>
			<key>children</key>
			<array>
				<string>96F9A89F1980088700C44196</string>
				<string>96F9A8A01980088700C44196</string>
			</array>
			<key>isa</key>
			<string>PBXGroup</string>
			<key>name</key>
			<string>Supporting Files</string>
			<key>sourceTree</key>
			<string>&lt;group&gt;</string>
		</dict>
		<key>96F9A89F1980088700C44196</key>
		<dict>
			<key>isa</key>
			<string>PBXFileReference</string>
			<key>lastKnownFileType</key>
			<string>text.plist.xml</string>
			<key>path</key>
			<string>bible-everydayTests-Info.plist</string>
			<key>sourceTree</key>
			<string>&lt;group&gt;</string>
		</dict>
		<key>96F9A8A01980088700C44196</key>
		<dict>
			<key>children</key>
			<array>
				<string>96F9A8A11980088700C44196</string>
			</array>
			<key>isa</key>
			<string>PBXVariantGroup</string>
			<key>name</key>
			<string>InfoPlist.strings</string>
			<key>sourceTree</key>
			<string>&lt;group&gt;</string>
		</dict>
		<key>96F9A8A11980088700C44196</key>
		<dict>
			<key>isa</key>
			<string>PBXFileReference</string>
			<key>lastKnownFileType</key>
			<string>text.plist.strings</string>
			<key>name</key>
			<string>en</string>
			<key>path</key>
			<string>en.lproj/InfoPlist.strings</string>
			<key>sourceTree</key>
			<string>&lt;group&gt;</string>
		</dict>
		<key>96F9A8A21980088700C44196</key>
		<dict>
			<key>fileRef</key>
			<string>96F9A8A01980088700C44196</string>
			<key>isa</key>
			<string>PBXBuildFile</string>
		</dict>
		<key>96F9A8A31980088700C44196</key>
		<dict>
			<key>isa</key>
			<string>PBXFileReference</string>
			<key>lastKnownFileType</key>
			<string>sourcecode.c.objc</string>
			<key>path</key>
			<string>bible_everydayTests.m</string>
			<key>sourceTree</key>
			<string>&lt;group&gt;</string>
		</dict>
		<key>96F9A8A41980088700C44196</key>
		<dict>
			<key>fileRef</key>
			<string>96F9A8A31980088700C44196</string>
			<key>isa</key>
			<string>PBXBuildFile</string>
		</dict>
		<key>96F9A8A51980088700C44196</key>
		<dict>
			<key>buildSettings</key>
			<dict>
				<key>ALWAYS_SEARCH_USER_PATHS</key>
				<string>NO</string>
				<key>CLANG_CXX_LANGUAGE_STANDARD</key>
				<string>gnu++0x</string>
				<key>CLANG_CXX_LIBRARY</key>
				<string>libc++</string>
				<key>CLANG_ENABLE_MODULES</key>
				<string>YES</string>
				<key>CLANG_ENABLE_OBJC_ARC</key>
				<string>YES</string>
				<key>CLANG_WARN_BOOL_CONVERSION</key>
				<string>YES</string>
				<key>CLANG_WARN_CONSTANT_CONVERSION</key>
				<string>YES</string>
				<key>CLANG_WARN_DIRECT_OBJC_ISA_USAGE</key>
				<string>YES_ERROR</string>
				<key>CLANG_WARN_EMPTY_BODY</key>
				<string>YES</string>
				<key>CLANG_WARN_ENUM_CONVERSION</key>
				<string>YES</string>
				<key>CLANG_WARN_INT_CONVERSION</key>
				<string>YES</string>
				<key>CLANG_WARN_OBJC_ROOT_CLASS</key>
				<string>YES_ERROR</string>
				<key>CLANG_WARN__DUPLICATE_METHOD_MATCH</key>
				<string>YES</string>
				<key>CODE_SIGN_IDENTITY[sdk=iphoneos*]</key>
				<string>iPhone Developer</string>
				<key>COPY_PHASE_STRIP</key>
				<string>NO</string>
				<key>GCC_C_LANGUAGE_STANDARD</key>
				<string>gnu99</string>
				<key>GCC_DYNAMIC_NO_PIC</key>
				<string>NO</string>
				<key>GCC_OPTIMIZATION_LEVEL</key>
				<string>0</string>
				<key>GCC_PREPROCESSOR_DEFINITIONS</key>
				<array>
					<string>DEBUG=1</string>
					<string>$(inherited)</string>
				</array>
				<key>GCC_SYMBOLS_PRIVATE_EXTERN</key>
				<string>NO</string>
				<key>GCC_WARN_64_TO_32_BIT_CONVERSION</key>
				<string>YES</string>
				<key>GCC_WARN_ABOUT_RETURN_TYPE</key>
				<string>YES_ERROR</string>
				<key>GCC_WARN_UNDECLARED_SELECTOR</key>
				<string>YES</string>
				<key>GCC_WARN_UNINITIALIZED_AUTOS</key>
				<string>YES_AGGRESSIVE</string>
				<key>GCC_WARN_UNUSED_FUNCTION</key>
				<string>YES</string>
				<key>GCC_WARN_UNUSED_VARIABLE</key>
				<string>YES</string>
				<key>IPHONEOS_DEPLOYMENT_TARGET</key>
				<string>7.1</string>
				<key>ONLY_ACTIVE_ARCH</key>
				<string>YES</string>
				<key>SDKROOT</key>
				<string>iphoneos</string>
				<key>TARGETED_DEVICE_FAMILY</key>
				<string>1,2</string>
			</dict>
			<key>isa</key>
			<string>XCBuildConfiguration</string>
			<key>name</key>
			<string>Debug</string>
		</dict>
		<key>96F9A8A61980088700C44196</key>
		<dict>
			<key>buildSettings</key>
			<dict>
				<key>ALWAYS_SEARCH_USER_PATHS</key>
				<string>NO</string>
				<key>CLANG_CXX_LANGUAGE_STANDARD</key>
				<string>gnu++0x</string>
				<key>CLANG_CXX_LIBRARY</key>
				<string>libc++</string>
				<key>CLANG_ENABLE_MODULES</key>
				<string>YES</string>
				<key>CLANG_ENABLE_OBJC_ARC</key>
				<string>YES</string>
				<key>CLANG_WARN_BOOL_CONVERSION</key>
				<string>YES</string>
				<key>CLANG_WARN_CONSTANT_CONVERSION</key>
				<string>YES</string>
				<key>CLANG_WARN_DIRECT_OBJC_ISA_USAGE</key>
				<string>YES_ERROR</string>
				<key>CLANG_WARN_EMPTY_BODY</key>
				<string>YES</string>
				<key>CLANG_WARN_ENUM_CONVERSION</key>
				<string>YES</string>
				<key>CLANG_WARN_INT_CONVERSION</key>
				<string>YES</string>
				<key>CLANG_WARN_OBJC_ROOT_CLASS</key>
				<string>YES_ERROR</string>
				<key>CLANG_WARN__DUPLICATE_METHOD_MATCH</key>
				<string>YES</string>
				<key>CODE_SIGN_IDENTITY[sdk=iphoneos*]</key>
				<string>iPhone Developer</string>
				<key>COPY_PHASE_STRIP</key>
				<string>YES</string>
				<key>ENABLE_NS_ASSERTIONS</key>
				<string>NO</string>
				<key>GCC_C_LANGUAGE_STANDARD</key>
				<string>gnu99</string>
				<key>GCC_WARN_64_TO_32_BIT_CONVERSION</key>
				<string>YES</string>
				<key>GCC_WARN_ABOUT_RETURN_TYPE</key>
				<string>YES_ERROR</string>
				<key>GCC_WARN_UNDECLARED_SELECTOR</key>
				<string>YES</string>
				<key>GCC_WARN_UNINITIALIZED_AUTOS</key>
				<string>YES_AGGRESSIVE</string>
				<key>GCC_WARN_UNUSED_FUNCTION</key>
				<string>YES</string>
				<key>GCC_WARN_UNUSED_VARIABLE</key>
				<string>YES</string>
				<key>IPHONEOS_DEPLOYMENT_TARGET</key>
				<string>7.1</string>
				<key>SDKROOT</key>
				<string>iphoneos</string>
				<key>TARGETED_DEVICE_FAMILY</key>
				<string>1,2</string>
				<key>VALIDATE_PRODUCT</key>
				<string>YES</string>
			</dict>
			<key>isa</key>
			<string>XCBuildConfiguration</string>
			<key>name</key>
			<string>Release</string>
		</dict>
		<key>96F9A8A71980088700C44196</key>
		<dict>
			<key>buildConfigurations</key>
			<array>
				<string>96F9A8A81980088700C44196</string>
				<string>96F9A8A91980088700C44196</string>
			</array>
			<key>defaultConfigurationIsVisible</key>
			<string>0</string>
			<key>isa</key>
			<string>XCConfigurationList</string>
		</dict>
		<key>96F9A8A81980088700C44196</key>
		<dict>
			<key>baseConfigurationReference</key>
			<string>6C0E12C38FD3440DB43FE6FE</string>
			<key>buildSettings</key>
			<dict>
				<key>ASSETCATALOG_COMPILER_APPICON_NAME</key>
				<string>AppIcon</string>
				<key>ASSETCATALOG_COMPILER_LAUNCHIMAGE_NAME</key>
				<string>LaunchImage</string>
				<key>GCC_PRECOMPILE_PREFIX_HEADER</key>
				<string>YES</string>
				<key>GCC_PREFIX_HEADER</key>
				<string>bible-everyday/bible-everyday-Prefix.pch</string>
				<key>INFOPLIST_FILE</key>
				<string>bible-everyday/bible-everyday-Info.plist</string>
				<key>PRODUCT_NAME</key>
				<string>$(TARGET_NAME)</string>
				<key>WRAPPER_EXTENSION</key>
				<string>app</string>
			</dict>
			<key>isa</key>
			<string>XCBuildConfiguration</string>
			<key>name</key>
			<string>Debug</string>
		</dict>
		<key>96F9A8A91980088700C44196</key>
		<dict>
			<key>baseConfigurationReference</key>
			<string>6C0E12C38FD3440DB43FE6FE</string>
			<key>buildSettings</key>
			<dict>
				<key>ASSETCATALOG_COMPILER_APPICON_NAME</key>
				<string>AppIcon</string>
				<key>ASSETCATALOG_COMPILER_LAUNCHIMAGE_NAME</key>
				<string>LaunchImage</string>
				<key>GCC_PRECOMPILE_PREFIX_HEADER</key>
				<string>YES</string>
				<key>GCC_PREFIX_HEADER</key>
				<string>bible-everyday/bible-everyday-Prefix.pch</string>
				<key>INFOPLIST_FILE</key>
				<string>bible-everyday/bible-everyday-Info.plist</string>
				<key>PRODUCT_NAME</key>
				<string>$(TARGET_NAME)</string>
				<key>WRAPPER_EXTENSION</key>
				<string>app</string>
			</dict>
			<key>isa</key>
			<string>XCBuildConfiguration</string>
			<key>name</key>
			<string>Release</string>
		</dict>
		<key>96F9A8AA1980088700C44196</key>
		<dict>
			<key>buildConfigurations</key>
			<array>
				<string>96F9A8AB1980088700C44196</string>
				<string>96F9A8AC1980088700C44196</string>
			</array>
			<key>defaultConfigurationIsVisible</key>
			<string>0</string>
			<key>isa</key>
			<string>XCConfigurationList</string>
		</dict>
		<key>96F9A8AB1980088700C44196</key>
		<dict>
			<key>buildSettings</key>
			<dict>
				<key>BUNDLE_LOADER</key>
				<string>$(BUILT_PRODUCTS_DIR)/bible-everyday.app/bible-everyday</string>
				<key>FRAMEWORK_SEARCH_PATHS</key>
				<array>
					<string>$(SDKROOT)/Developer/Library/Frameworks</string>
					<string>$(inherited)</string>
					<string>$(DEVELOPER_FRAMEWORKS_DIR)</string>
				</array>
				<key>GCC_PRECOMPILE_PREFIX_HEADER</key>
				<string>YES</string>
				<key>GCC_PREFIX_HEADER</key>
				<string>bible-everyday/bible-everyday-Prefix.pch</string>
				<key>GCC_PREPROCESSOR_DEFINITIONS</key>
				<array>
					<string>DEBUG=1</string>
					<string>$(inherited)</string>
				</array>
				<key>INFOPLIST_FILE</key>
				<string>bible-everydayTests/bible-everydayTests-Info.plist</string>
				<key>PRODUCT_NAME</key>
				<string>$(TARGET_NAME)</string>
				<key>TEST_HOST</key>
				<string>$(BUNDLE_LOADER)</string>
				<key>WRAPPER_EXTENSION</key>
				<string>xctest</string>
			</dict>
			<key>isa</key>
			<string>XCBuildConfiguration</string>
			<key>name</key>
			<string>Debug</string>
		</dict>
		<key>96F9A8AC1980088700C44196</key>
		<dict>
			<key>buildSettings</key>
			<dict>
				<key>BUNDLE_LOADER</key>
				<string>$(BUILT_PRODUCTS_DIR)/bible-everyday.app/bible-everyday</string>
				<key>FRAMEWORK_SEARCH_PATHS</key>
				<array>
					<string>$(SDKROOT)/Developer/Library/Frameworks</string>
					<string>$(inherited)</string>
					<string>$(DEVELOPER_FRAMEWORKS_DIR)</string>
				</array>
				<key>GCC_PRECOMPILE_PREFIX_HEADER</key>
				<string>YES</string>
				<key>GCC_PREFIX_HEADER</key>
				<string>bible-everyday/bible-everyday-Prefix.pch</string>
				<key>INFOPLIST_FILE</key>
				<string>bible-everydayTests/bible-everydayTests-Info.plist</string>
				<key>PRODUCT_NAME</key>
				<string>$(TARGET_NAME)</string>
				<key>TEST_HOST</key>
				<string>$(BUNDLE_LOADER)</string>
				<key>WRAPPER_EXTENSION</key>
				<string>xctest</string>
			</dict>
			<key>isa</key>
			<string>XCBuildConfiguration</string>
			<key>name</key>
			<string>Release</string>
		</dict>
		<key>A3977F3843E244FFA8A6098F</key>
		<dict>
			<key>buildActionMask</key>
			<string>2147483647</string>
			<key>files</key>
			<array/>
			<key>inputPaths</key>
			<array/>
			<key>isa</key>
			<string>PBXShellScriptBuildPhase</string>
			<key>name</key>
			<string>Check Pods Manifest.lock</string>
			<key>outputPaths</key>
			<array/>
			<key>runOnlyForDeploymentPostprocessing</key>
			<string>0</string>
			<key>shellPath</key>
			<string>/bin/sh</string>
			<key>shellScript</key>
			<string>diff "${PODS_ROOT}/../Podfile.lock" "${PODS_ROOT}/Manifest.lock" &gt; /dev/null
if [[ $? != 0 ]] ; then
    cat &lt;&lt; EOM
error: The sandbox is not in sync with the Podfile.lock. Run 'pod install' or update your CocoaPods installation.
EOM
    exit 1
fi
</string>
			<key>showEnvVarsInLog</key>
			<string>0</string>
		</dict>
		<key>D67AF3819C474FA696ED1DA4</key>
		<dict>
			<key>buildActionMask</key>
			<string>2147483647</string>
			<key>files</key>
			<array/>
			<key>inputPaths</key>
			<array/>
			<key>isa</key>
			<string>PBXShellScriptBuildPhase</string>
			<key>name</key>
			<string>Copy Pods Resources</string>
			<key>outputPaths</key>
			<array/>
			<key>runOnlyForDeploymentPostprocessing</key>
			<string>0</string>
			<key>shellPath</key>
			<string>/bin/sh</string>
			<key>shellScript</key>
			<string>"${SRCROOT}/Pods/Pods-resources.sh"
</string>
			<key>showEnvVarsInLog</key>
			<string>0</string>
		</dict>
	</dict>
	<key>rootObject</key>
	<string>96F9A8641980088600C44196</string>
</dict>
</plist>
